
Microsoft Visual Studio Solution File, Format Version 12.00
# Visual Studio Version 16
VisualStudioVersion = 16.0.29503.13
MinimumVisualStudioVersion = 10.0.40219.1
Project("{FAE04EC0-301F-11D3-BF4B-00C04F79EFBC}") = "WebApi", "WebApi\WebApi.csproj", "{5A9C6F21-2CB8-4D78-8C2E-A4BA18DE3170}"
EndProject
Project("{FAE04EC0-301F-11D3-BF4B-00C04F79EFBC}") = "Domain", "Domain\Domain.csproj", "{264F0DAE-42AF-4379-9B57-552F0B52427A}"
EndProject
Project("{FAE04EC0-301F-11D3-BF4B-00C04F79EFBC}") = "Persistence", "Persistence\Persistence.csproj", "{DD53ED62-7014-491B-9F0D-D59FF51F76D8}"
EndProject
Project("{FAE04EC0-301F-11D3-BF4B-00C04F79EFBC}") = "Application", "Application\Application.csproj", "{2B57D98B-58D9-4E87-843C-A952B2ED28DF}"
EndProject
Global
	GlobalSection(SolutionConfigurationPlatforms) = preSolution
		Debug|Any CPU = Debug|Any CPU
		Release|Any CPU = Release|Any CPU
	EndGlobalSection
	GlobalSection(ProjectConfigurationPlatforms) = postSolution
		{5A9C6F21-2CB8-4D78-8C2E-A4BA18DE3170}.Debug|Any CPU.ActiveCfg = Debug|Any CPU
		{5A9C6F21-2CB8-4D78-8C2E-A4BA18DE3170}.Debug|Any CPU.Build.0 = Debug|Any CPU
		{5A9C6F21-2CB8-4D78-8C2E-A4BA18DE3170}.Release|Any CPU.ActiveCfg = Release|Any CPU
		{5A9C6F21-2CB8-4D78-8C2E-A4BA18DE3170}.Release|Any CPU.Build.0 = Release|Any CPU
		{264F0DAE-42AF-4379-9B57-552F0B52427A}.Debug|Any CPU.ActiveCfg = Debug|Any CPU
		{264F0DAE-42AF-4379-9B57-552F0B52427A}.Debug|Any CPU.Build.0 = Debug|Any CPU
		{264F0DAE-42AF-4379-9B57-552F0B52427A}.Release|Any CPU.ActiveCfg = Release|Any CPU
		{264F0DAE-42AF-4379-9B57-552F0B52427A}.Release|Any CPU.Build.0 = Release|Any CPU
		{DD53ED62-7014-491B-9F0D-D59FF51F76D8}.Debug|Any CPU.ActiveCfg = Debug|Any CPU
		{DD53ED62-7014-491B-9F0D-D59FF51F76D8}.Debug|Any CPU.Build.0 = Debug|Any CPU
		{DD53ED62-7014-491B-9F0D-D59FF51F76D8}.Release|Any CPU.ActiveCfg = Release|Any CPU
		{DD53ED62-7014-491B-9F0D-D59FF51F76D8}.Release|Any CPU.Build.0 = Release|Any CPU
		{2B57D98B-58D9-4E87-843C-A952B2ED28DF}.Debug|Any CPU.ActiveCfg = Debug|Any CPU
		{2B57D98B-58D9-4E87-843C-A952B2ED28DF}.Debug|Any CPU.Build.0 = Debug|Any CPU
		{2B57D98B-58D9-4E87-843C-A952B2ED28DF}.Release|Any CPU.ActiveCfg = Release|Any CPU
		{2B57D98B-58D9-4E87-843C-A952B2ED28DF}.Release|Any CPU.Build.0 = Release|Any CPU
	EndGlobalSection
	GlobalSection(SolutionProperties) = preSolution
		HideSolutionNode = FALSE
	EndGlobalSection
	GlobalSection(ExtensibilityGlobals) = postSolution
		SolutionGuid = {19E58D96-3558-4A66-A89B-475E988DF7F6}
	EndGlobalSection
EndGlobal
